
Microsoft Visual Studio Solution File, Format Version 12.00
# Visual Studio 15
VisualStudioVersion = 15.0.28010.2026
MinimumVisualStudioVersion = 10.0.40219.1
Project("{FAE04EC0-301F-11D3-BF4B-00C04F79EFBC}") = "AutomationClient.WPF", "AutomationClient.WPF\AutomationClient.WPF.csproj", "{46DCB72C-D547-4FD6-B2FA-1A8490B51D14}"
EndProject
Project("{FAE04EC0-301F-11D3-BF4B-00C04F79EFBC}") = "Automation.Common", "Automation.Common\Automation.Common.csproj", "{8756C7A9-0B4B-41A2-8D15-C1E44CD35BEB}"
EndProject
Project("{FAE04EC0-301F-11D3-BF4B-00C04F79EFBC}") = "AutomationController", "AutomationController\AutomationController.csproj", "{0D32DB38-9C07-46EA-A73D-9BB40A8D4650}"
EndProject
Project("{FAE04EC0-301F-11D3-BF4B-00C04F79EFBC}") = "AutomationClient.Forms", "AutomationClient.Forms\AutomationClient.Forms.csproj", "{A7AE3F83-6487-4371-A206-AEB1130F0E07}"
EndProject
Project("{2150E333-8FDC-42A3-9474-1A3956D46DE8}") = "SendMessage", "SendMessage", "{518A1820-F489-493D-AD4F-49994045D59C}"
EndProject
Project("{8BC9CEB8-8B4A-11D0-8D11-00A0C91BC942}") = "ManagedInjector", "ManagedInjector\ManagedInjector.vcxproj", "{7B1E2807-BEA2-4C8B-B4B8-C1712919E694}"
EndProject
Project("{FAE04EC0-301F-11D3-BF4B-00C04F79EFBC}") = "ManagedInjectorRunner", "ManagedInjectorRunner\ManagedInjectorRunner.csproj", "{63F9024C-17D0-41CE-9CDD-980C81E361E4}"
EndProject
Project("{FAE04EC0-301F-11D3-BF4B-00C04F79EFBC}") = "Hijacker", "Hijacker\Hijacker.csproj", "{FB9C38BD-F228-4C8F-8B30-1481771C6EAF}"
EndProject
Project("{FAE04EC0-301F-11D3-BF4B-00C04F79EFBC}") = "HijackTarget", "HijackTarget\HijackTarget.csproj", "{D1DAAED9-6D33-45BC-9900-C78C05F73CD5}"
EndProject
Project("{8BC9CEB8-8B4A-11D0-8D11-00A0C91BC942}") = "Win32App", "Win32App\Win32App.vcxproj", "{2AAACE62-E153-41A7-B0DE-23701567CF5F}"
EndProject
Project("{8BC9CEB8-8B4A-11D0-8D11-00A0C91BC942}") = "Win32DesktopApp", "Win32DesktopApp\Win32DesktopApp.vcxproj", "{115A8633-DF87-4A9A-84E9-E2E469C718CA}"
EndProject
Project("{2150E333-8FDC-42A3-9474-1A3956D46DE8}") = "Hijack", "Hijack", "{E344B352-80BA-44C8-9C03-55DF761387A6}"
EndProject
Project("{FAE04EC0-301F-11D3-BF4B-00C04F79EFBC}") = "HijackTarget.Forms", "HijackTarget.Forms\HijackTarget.Forms.csproj", "{7A20F8C5-852E-4BF0-801B-280109291A53}"
EndProject
Project("{2150E333-8FDC-42A3-9474-1A3956D46DE8}") = "MailSlot", "MailSlot", "{6F3CF121-02CE-4869-B4D1-916AE32520D9}"
EndProject
Project("{FAE04EC0-301F-11D3-BF4B-00C04F79EFBC}") = "CSMailslotServer", "CSMailslotServer\CSMailslotServer.csproj", "{1CF6DC01-50B2-43DC-9DCB-9F856ED26F20}"
EndProject
Project("{FAE04EC0-301F-11D3-BF4B-00C04F79EFBC}") = "CSMailslotClient", "CSMailslotClient\CSMailslotClient.csproj", "{635E07A0-6FBD-4611-88F2-995071C6A477}"
EndProject
Project("{FAE04EC0-301F-11D3-BF4B-00C04F79EFBC}") = "ControlHierarchy.WPF", "ControlHierarchy.WPF\ControlHierarchy.WPF.csproj", "{B5E1B66B-DB80-41C5-9BA9-A4EFEC63C394}"
EndProject
Project("{FAE04EC0-301F-11D3-BF4B-00C04F79EFBC}") = "WpfHwnds", "WpfHwnds\WpfHwnds.csproj", "{2E3CEB4D-82F3-4E3E-B9EC-5A3D7FE9F6B1}"
EndProject
Project("{F184B08F-C81C-45F6-A57F-5ABD9991F28F}") = "RoundButton", "RoundButton\RoundButton.vbproj", "{B1AD080B-9D1A-484E-890A-483AB250F57B}"
EndProject
Project("{2150E333-8FDC-42A3-9474-1A3956D46DE8}") = "WindowHierarchies", "WindowHierarchies", "{FA7D887B-4446-4DDA-9B23-589299C71ADF}"
EndProject
Project("{FAE04EC0-301F-11D3-BF4B-00C04F79EFBC}") = "ControlHierarchy.Forms", "ControlHierarchy.Forms\ControlHierarchy.Forms.csproj", "{5ED87161-4D2C-4287-AE75-BDF37DCF3CBC}"
EndProject
Global
	GlobalSection(SolutionConfigurationPlatforms) = preSolution
		Debug|Any CPU = Debug|Any CPU
		Debug|x64 = Debug|x64
		Debug|x86 = Debug|x86
		Release|Any CPU = Release|Any CPU
		Release|x64 = Release|x64
		Release|x86 = Release|x86
	EndGlobalSection
	GlobalSection(ProjectConfigurationPlatforms) = postSolution
		{46DCB72C-D547-4FD6-B2FA-1A8490B51D14}.Debug|Any CPU.ActiveCfg = Debug|Any CPU
		{46DCB72C-D547-4FD6-B2FA-1A8490B51D14}.Debug|Any CPU.Build.0 = Debug|Any CPU
		{46DCB72C-D547-4FD6-B2FA-1A8490B51D14}.Debug|x64.ActiveCfg = Debug|Any CPU
		{46DCB72C-D547-4FD6-B2FA-1A8490B51D14}.Debug|x64.Build.0 = Debug|Any CPU
		{46DCB72C-D547-4FD6-B2FA-1A8490B51D14}.Debug|x86.ActiveCfg = Debug|Any CPU
		{46DCB72C-D547-4FD6-B2FA-1A8490B51D14}.Debug|x86.Build.0 = Debug|Any CPU
		{46DCB72C-D547-4FD6-B2FA-1A8490B51D14}.Release|Any CPU.ActiveCfg = Release|Any CPU
		{46DCB72C-D547-4FD6-B2FA-1A8490B51D14}.Release|Any CPU.Build.0 = Release|Any CPU
		{46DCB72C-D547-4FD6-B2FA-1A8490B51D14}.Release|x64.ActiveCfg = Release|Any CPU
		{46DCB72C-D547-4FD6-B2FA-1A8490B51D14}.Release|x64.Build.0 = Release|Any CPU
		{46DCB72C-D547-4FD6-B2FA-1A8490B51D14}.Release|x86.ActiveCfg = Release|Any CPU
		{46DCB72C-D547-4FD6-B2FA-1A8490B51D14}.Release|x86.Build.0 = Release|Any CPU
		{8756C7A9-0B4B-41A2-8D15-C1E44CD35BEB}.Debug|Any CPU.ActiveCfg = Debug|Any CPU
		{8756C7A9-0B4B-41A2-8D15-C1E44CD35BEB}.Debug|Any CPU.Build.0 = Debug|Any CPU
		{8756C7A9-0B4B-41A2-8D15-C1E44CD35BEB}.Debug|x64.ActiveCfg = Debug|Any CPU
		{8756C7A9-0B4B-41A2-8D15-C1E44CD35BEB}.Debug|x64.Build.0 = Debug|Any CPU
		{8756C7A9-0B4B-41A2-8D15-C1E44CD35BEB}.Debug|x86.ActiveCfg = Debug|Any CPU
		{8756C7A9-0B4B-41A2-8D15-C1E44CD35BEB}.Debug|x86.Build.0 = Debug|Any CPU
		{8756C7A9-0B4B-41A2-8D15-C1E44CD35BEB}.Release|Any CPU.ActiveCfg = Release|Any CPU
		{8756C7A9-0B4B-41A2-8D15-C1E44CD35BEB}.Release|Any CPU.Build.0 = Release|Any CPU
		{8756C7A9-0B4B-41A2-8D15-C1E44CD35BEB}.Release|x64.ActiveCfg = Release|Any CPU
		{8756C7A9-0B4B-41A2-8D15-C1E44CD35BEB}.Release|x64.Build.0 = Release|Any CPU
		{8756C7A9-0B4B-41A2-8D15-C1E44CD35BEB}.Release|x86.ActiveCfg = Release|Any CPU
		{8756C7A9-0B4B-41A2-8D15-C1E44CD35BEB}.Release|x86.Build.0 = Release|Any CPU
		{0D32DB38-9C07-46EA-A73D-9BB40A8D4650}.Debug|Any CPU.ActiveCfg = Debug|Any CPU
		{0D32DB38-9C07-46EA-A73D-9BB40A8D4650}.Debug|Any CPU.Build.0 = Debug|Any CPU
		{0D32DB38-9C07-46EA-A73D-9BB40A8D4650}.Debug|x64.ActiveCfg = Debug|Any CPU
		{0D32DB38-9C07-46EA-A73D-9BB40A8D4650}.Debug|x64.Build.0 = Debug|Any CPU
		{0D32DB38-9C07-46EA-A73D-9BB40A8D4650}.Debug|x86.ActiveCfg = Debug|Any CPU
		{0D32DB38-9C07-46EA-A73D-9BB40A8D4650}.Debug|x86.Build.0 = Debug|Any CPU
		{0D32DB38-9C07-46EA-A73D-9BB40A8D4650}.Release|Any CPU.ActiveCfg = Release|Any CPU
		{0D32DB38-9C07-46EA-A73D-9BB40A8D4650}.Release|Any CPU.Build.0 = Release|Any CPU
		{0D32DB38-9C07-46EA-A73D-9BB40A8D4650}.Release|x64.ActiveCfg = Release|Any CPU
		{0D32DB38-9C07-46EA-A73D-9BB40A8D4650}.Release|x64.Build.0 = Release|Any CPU
		{0D32DB38-9C07-46EA-A73D-9BB40A8D4650}.Release|x86.ActiveCfg = Release|Any CPU
		{0D32DB38-9C07-46EA-A73D-9BB40A8D4650}.Release|x86.Build.0 = Release|Any CPU
		{A7AE3F83-6487-4371-A206-AEB1130F0E07}.Debug|Any CPU.ActiveCfg = Debug|Any CPU
		{A7AE3F83-6487-4371-A206-AEB1130F0E07}.Debug|Any CPU.Build.0 = Debug|Any CPU
		{A7AE3F83-6487-4371-A206-AEB1130F0E07}.Debug|x64.ActiveCfg = Debug|Any CPU
		{A7AE3F83-6487-4371-A206-AEB1130F0E07}.Debug|x64.Build.0 = Debug|Any CPU
		{A7AE3F83-6487-4371-A206-AEB1130F0E07}.Debug|x86.ActiveCfg = Debug|Any CPU
		{A7AE3F83-6487-4371-A206-AEB1130F0E07}.Debug|x86.Build.0 = Debug|Any CPU
		{A7AE3F83-6487-4371-A206-AEB1130F0E07}.Release|Any CPU.ActiveCfg = Release|Any CPU
		{A7AE3F83-6487-4371-A206-AEB1130F0E07}.Release|Any CPU.Build.0 = Release|Any CPU
		{A7AE3F83-6487-4371-A206-AEB1130F0E07}.Release|x64.ActiveCfg = Release|Any CPU
		{A7AE3F83-6487-4371-A206-AEB1130F0E07}.Release|x64.Build.0 = Release|Any CPU
		{A7AE3F83-6487-4371-A206-AEB1130F0E07}.Release|x86.ActiveCfg = Release|Any CPU
		{A7AE3F83-6487-4371-A206-AEB1130F0E07}.Release|x86.Build.0 = Release|Any CPU
		{7B1E2807-BEA2-4C8B-B4B8-C1712919E694}.Debug|Any CPU.ActiveCfg = Debug|Win32
		{7B1E2807-BEA2-4C8B-B4B8-C1712919E694}.Debug|x64.ActiveCfg = Debug|x64
		{7B1E2807-BEA2-4C8B-B4B8-C1712919E694}.Debug|x64.Build.0 = Debug|x64
		{7B1E2807-BEA2-4C8B-B4B8-C1712919E694}.Debug|x86.ActiveCfg = Debug|Win32
		{7B1E2807-BEA2-4C8B-B4B8-C1712919E694}.Debug|x86.Build.0 = Debug|Win32
		{7B1E2807-BEA2-4C8B-B4B8-C1712919E694}.Release|Any CPU.ActiveCfg = Release|Win32
		{7B1E2807-BEA2-4C8B-B4B8-C1712919E694}.Release|x64.ActiveCfg = Release|x64
		{7B1E2807-BEA2-4C8B-B4B8-C1712919E694}.Release|x64.Build.0 = Release|x64
		{7B1E2807-BEA2-4C8B-B4B8-C1712919E694}.Release|x86.ActiveCfg = Release|Win32
		{7B1E2807-BEA2-4C8B-B4B8-C1712919E694}.Release|x86.Build.0 = Release|Win32
		{63F9024C-17D0-41CE-9CDD-980C81E361E4}.Debug|Any CPU.ActiveCfg = Debug|Any CPU
		{63F9024C-17D0-41CE-9CDD-980C81E361E4}.Debug|Any CPU.Build.0 = Debug|Any CPU
		{63F9024C-17D0-41CE-9CDD-980C81E361E4}.Debug|x64.ActiveCfg = Debug|Any CPU
		{63F9024C-17D0-41CE-9CDD-980C81E361E4}.Debug|x64.Build.0 = Debug|Any CPU
		{63F9024C-17D0-41CE-9CDD-980C81E361E4}.Debug|x86.ActiveCfg = Debug|Any CPU
		{63F9024C-17D0-41CE-9CDD-980C81E361E4}.Debug|x86.Build.0 = Debug|Any CPU
		{63F9024C-17D0-41CE-9CDD-980C81E361E4}.Release|Any CPU.ActiveCfg = Release|Any CPU
		{63F9024C-17D0-41CE-9CDD-980C81E361E4}.Release|Any CPU.Build.0 = Release|Any CPU
		{63F9024C-17D0-41CE-9CDD-980C81E361E4}.Release|x64.ActiveCfg = Release|Any CPU
		{63F9024C-17D0-41CE-9CDD-980C81E361E4}.Release|x64.Build.0 = Release|Any CPU
		{63F9024C-17D0-41CE-9CDD-980C81E361E4}.Release|x86.ActiveCfg = Release|Any CPU
		{63F9024C-17D0-41CE-9CDD-980C81E361E4}.Release|x86.Build.0 = Release|Any CPU
		{FB9C38BD-F228-4C8F-8B30-1481771C6EAF}.Debug|Any CPU.ActiveCfg = Debug|Any CPU
		{FB9C38BD-F228-4C8F-8B30-1481771C6EAF}.Debug|Any CPU.Build.0 = Debug|Any CPU
		{FB9C38BD-F228-4C8F-8B30-1481771C6EAF}.Debug|x64.ActiveCfg = Debug|Any CPU
		{FB9C38BD-F228-4C8F-8B30-1481771C6EAF}.Debug|x64.Build.0 = Debug|Any CPU
		{FB9C38BD-F228-4C8F-8B30-1481771C6EAF}.Debug|x86.ActiveCfg = Debug|Any CPU
		{FB9C38BD-F228-4C8F-8B30-1481771C6EAF}.Debug|x86.Build.0 = Debug|Any CPU
		{FB9C38BD-F228-4C8F-8B30-1481771C6EAF}.Release|Any CPU.ActiveCfg = Release|Any CPU
		{FB9C38BD-F228-4C8F-8B30-1481771C6EAF}.Release|Any CPU.Build.0 = Release|Any CPU
		{FB9C38BD-F228-4C8F-8B30-1481771C6EAF}.Release|x64.ActiveCfg = Release|Any CPU
		{FB9C38BD-F228-4C8F-8B30-1481771C6EAF}.Release|x64.Build.0 = Release|Any CPU
		{FB9C38BD-F228-4C8F-8B30-1481771C6EAF}.Release|x86.ActiveCfg = Release|Any CPU
		{FB9C38BD-F228-4C8F-8B30-1481771C6EAF}.Release|x86.Build.0 = Release|Any CPU
		{D1DAAED9-6D33-45BC-9900-C78C05F73CD5}.Debug|Any CPU.ActiveCfg = Debug|Any CPU
		{D1DAAED9-6D33-45BC-9900-C78C05F73CD5}.Debug|Any CPU.Build.0 = Debug|Any CPU
		{D1DAAED9-6D33-45BC-9900-C78C05F73CD5}.Debug|x64.ActiveCfg = Debug|Any CPU
		{D1DAAED9-6D33-45BC-9900-C78C05F73CD5}.Debug|x64.Build.0 = Debug|Any CPU
		{D1DAAED9-6D33-45BC-9900-C78C05F73CD5}.Debug|x86.ActiveCfg = Debug|Any CPU
		{D1DAAED9-6D33-45BC-9900-C78C05F73CD5}.Debug|x86.Build.0 = Debug|Any CPU
		{D1DAAED9-6D33-45BC-9900-C78C05F73CD5}.Release|Any CPU.ActiveCfg = Release|Any CPU
		{D1DAAED9-6D33-45BC-9900-C78C05F73CD5}.Release|Any CPU.Build.0 = Release|Any CPU
		{D1DAAED9-6D33-45BC-9900-C78C05F73CD5}.Release|x64.ActiveCfg = Release|Any CPU
		{D1DAAED9-6D33-45BC-9900-C78C05F73CD5}.Release|x64.Build.0 = Release|Any CPU
		{D1DAAED9-6D33-45BC-9900-C78C05F73CD5}.Release|x86.ActiveCfg = Release|Any CPU
		{D1DAAED9-6D33-45BC-9900-C78C05F73CD5}.Release|x86.Build.0 = Release|Any CPU
		{2AAACE62-E153-41A7-B0DE-23701567CF5F}.Debug|Any CPU.ActiveCfg = Debug|Win32
		{2AAACE62-E153-41A7-B0DE-23701567CF5F}.Debug|x64.ActiveCfg = Debug|x64
		{2AAACE62-E153-41A7-B0DE-23701567CF5F}.Debug|x64.Build.0 = Debug|x64
		{2AAACE62-E153-41A7-B0DE-23701567CF5F}.Debug|x86.ActiveCfg = Debug|Win32
		{2AAACE62-E153-41A7-B0DE-23701567CF5F}.Debug|x86.Build.0 = Debug|Win32
		{2AAACE62-E153-41A7-B0DE-23701567CF5F}.Release|Any CPU.ActiveCfg = Release|Win32
		{2AAACE62-E153-41A7-B0DE-23701567CF5F}.Release|x64.ActiveCfg = Release|x64
		{2AAACE62-E153-41A7-B0DE-23701567CF5F}.Release|x64.Build.0 = Release|x64
		{2AAACE62-E153-41A7-B0DE-23701567CF5F}.Release|x86.ActiveCfg = Release|Win32
		{2AAACE62-E153-41A7-B0DE-23701567CF5F}.Release|x86.Build.0 = Release|Win32
		{115A8633-DF87-4A9A-84E9-E2E469C718CA}.Debug|Any CPU.ActiveCfg = Debug|Win32
		{115A8633-DF87-4A9A-84E9-E2E469C718CA}.Debug|x64.ActiveCfg = Debug|x64
		{115A8633-DF87-4A9A-84E9-E2E469C718CA}.Debug|x64.Build.0 = Debug|x64
		{115A8633-DF87-4A9A-84E9-E2E469C718CA}.Debug|x86.ActiveCfg = Debug|Win32
		{115A8633-DF87-4A9A-84E9-E2E469C718CA}.Debug|x86.Build.0 = Debug|Win32
		{115A8633-DF87-4A9A-84E9-E2E469C718CA}.Release|Any CPU.ActiveCfg = Release|Win32
		{115A8633-DF87-4A9A-84E9-E2E469C718CA}.Release|x64.ActiveCfg = Release|x64
		{115A8633-DF87-4A9A-84E9-E2E469C718CA}.Release|x64.Build.0 = Release|x64
		{115A8633-DF87-4A9A-84E9-E2E469C718CA}.Release|x86.ActiveCfg = Release|Win32
		{115A8633-DF87-4A9A-84E9-E2E469C718CA}.Release|x86.Build.0 = Release|Win32
		{7A20F8C5-852E-4BF0-801B-280109291A53}.Debug|Any CPU.ActiveCfg = Debug|Any CPU
		{7A20F8C5-852E-4BF0-801B-280109291A53}.Debug|Any CPU.Build.0 = Debug|Any CPU
		{7A20F8C5-852E-4BF0-801B-280109291A53}.Debug|x64.ActiveCfg = Debug|Any CPU
		{7A20F8C5-852E-4BF0-801B-280109291A53}.Debug|x64.Build.0 = Debug|Any CPU
		{7A20F8C5-852E-4BF0-801B-280109291A53}.Debug|x86.ActiveCfg = Debug|Any CPU
		{7A20F8C5-852E-4BF0-801B-280109291A53}.Debug|x86.Build.0 = Debug|Any CPU
		{7A20F8C5-852E-4BF0-801B-280109291A53}.Release|Any CPU.ActiveCfg = Release|Any CPU
		{7A20F8C5-852E-4BF0-801B-280109291A53}.Release|Any CPU.Build.0 = Release|Any CPU
		{7A20F8C5-852E-4BF0-801B-280109291A53}.Release|x64.ActiveCfg = Release|Any CPU
		{7A20F8C5-852E-4BF0-801B-280109291A53}.Release|x64.Build.0 = Release|Any CPU
		{7A20F8C5-852E-4BF0-801B-280109291A53}.Release|x86.ActiveCfg = Release|Any CPU
		{7A20F8C5-852E-4BF0-801B-280109291A53}.Release|x86.Build.0 = Release|Any CPU
		{1CF6DC01-50B2-43DC-9DCB-9F856ED26F20}.Debug|Any CPU.ActiveCfg = Debug|Any CPU
		{1CF6DC01-50B2-43DC-9DCB-9F856ED26F20}.Debug|Any CPU.Build.0 = Debug|Any CPU
		{1CF6DC01-50B2-43DC-9DCB-9F856ED26F20}.Debug|x64.ActiveCfg = Debug|Any CPU
		{1CF6DC01-50B2-43DC-9DCB-9F856ED26F20}.Debug|x64.Build.0 = Debug|Any CPU
		{1CF6DC01-50B2-43DC-9DCB-9F856ED26F20}.Debug|x86.ActiveCfg = Debug|Any CPU
		{1CF6DC01-50B2-43DC-9DCB-9F856ED26F20}.Debug|x86.Build.0 = Debug|Any CPU
		{1CF6DC01-50B2-43DC-9DCB-9F856ED26F20}.Release|Any CPU.ActiveCfg = Release|Any CPU
		{1CF6DC01-50B2-43DC-9DCB-9F856ED26F20}.Release|Any CPU.Build.0 = Release|Any CPU
		{1CF6DC01-50B2-43DC-9DCB-9F856ED26F20}.Release|x64.ActiveCfg = Release|Any CPU
		{1CF6DC01-50B2-43DC-9DCB-9F856ED26F20}.Release|x64.Build.0 = Release|Any CPU
		{1CF6DC01-50B2-43DC-9DCB-9F856ED26F20}.Release|x86.ActiveCfg = Release|Any CPU
		{1CF6DC01-50B2-43DC-9DCB-9F856ED26F20}.Release|x86.Build.0 = Release|Any CPU
		{635E07A0-6FBD-4611-88F2-995071C6A477}.Debug|Any CPU.ActiveCfg = Debug|Any CPU
		{635E07A0-6FBD-4611-88F2-995071C6A477}.Debug|Any CPU.Build.0 = Debug|Any CPU
		{635E07A0-6FBD-4611-88F2-995071C6A477}.Debug|x64.ActiveCfg = Debug|Any CPU
		{635E07A0-6FBD-4611-88F2-995071C6A477}.Debug|x64.Build.0 = Debug|Any CPU
		{635E07A0-6FBD-4611-88F2-995071C6A477}.Debug|x86.ActiveCfg = Debug|Any CPU
		{635E07A0-6FBD-4611-88F2-995071C6A477}.Debug|x86.Build.0 = Debug|Any CPU
		{635E07A0-6FBD-4611-88F2-995071C6A477}.Release|Any CPU.ActiveCfg = Release|Any CPU
		{635E07A0-6FBD-4611-88F2-995071C6A477}.Release|Any CPU.Build.0 = Release|Any CPU
		{635E07A0-6FBD-4611-88F2-995071C6A477}.Release|x64.ActiveCfg = Release|Any CPU
		{635E07A0-6FBD-4611-88F2-995071C6A477}.Release|x64.Build.0 = Release|Any CPU
		{635E07A0-6FBD-4611-88F2-995071C6A477}.Release|x86.ActiveCfg = Release|Any CPU
		{635E07A0-6FBD-4611-88F2-995071C6A477}.Release|x86.Build.0 = Release|Any CPU
		{B5E1B66B-DB80-41C5-9BA9-A4EFEC63C394}.Debug|Any CPU.ActiveCfg = Debug|Any CPU
		{B5E1B66B-DB80-41C5-9BA9-A4EFEC63C394}.Debug|Any CPU.Build.0 = Debug|Any CPU
		{B5E1B66B-DB80-41C5-9BA9-A4EFEC63C394}.Debug|x64.ActiveCfg = Debug|Any CPU
		{B5E1B66B-DB80-41C5-9BA9-A4EFEC63C394}.Debug|x64.Build.0 = Debug|Any CPU
		{B5E1B66B-DB80-41C5-9BA9-A4EFEC63C394}.Debug|x86.ActiveCfg = Debug|Any CPU
		{B5E1B66B-DB80-41C5-9BA9-A4EFEC63C394}.Debug|x86.Build.0 = Debug|Any CPU
		{B5E1B66B-DB80-41C5-9BA9-A4EFEC63C394}.Release|Any CPU.ActiveCfg = Release|Any CPU
		{B5E1B66B-DB80-41C5-9BA9-A4EFEC63C394}.Release|Any CPU.Build.0 = Release|Any CPU
		{B5E1B66B-DB80-41C5-9BA9-A4EFEC63C394}.Release|x64.ActiveCfg = Release|Any CPU
		{B5E1B66B-DB80-41C5-9BA9-A4EFEC63C394}.Release|x64.Build.0 = Release|Any CPU
		{B5E1B66B-DB80-41C5-9BA9-A4EFEC63C394}.Release|x86.ActiveCfg = Release|Any CPU
		{B5E1B66B-DB80-41C5-9BA9-A4EFEC63C394}.Release|x86.Build.0 = Release|Any CPU
		{2E3CEB4D-82F3-4E3E-B9EC-5A3D7FE9F6B1}.Debug|Any CPU.ActiveCfg = Debug|Any CPU
		{2E3CEB4D-82F3-4E3E-B9EC-5A3D7FE9F6B1}.Debug|Any CPU.Build.0 = Debug|Any CPU
		{2E3CEB4D-82F3-4E3E-B9EC-5A3D7FE9F6B1}.Debug|x64.ActiveCfg = Debug|Any CPU
		{2E3CEB4D-82F3-4E3E-B9EC-5A3D7FE9F6B1}.Debug|x64.Build.0 = Debug|Any CPU
		{2E3CEB4D-82F3-4E3E-B9EC-5A3D7FE9F6B1}.Debug|x86.ActiveCfg = Debug|Any CPU
		{2E3CEB4D-82F3-4E3E-B9EC-5A3D7FE9F6B1}.Debug|x86.Build.0 = Debug|Any CPU
		{2E3CEB4D-82F3-4E3E-B9EC-5A3D7FE9F6B1}.Release|Any CPU.ActiveCfg = Release|Any CPU
		{2E3CEB4D-82F3-4E3E-B9EC-5A3D7FE9F6B1}.Release|Any CPU.Build.0 = Release|Any CPU
		{2E3CEB4D-82F3-4E3E-B9EC-5A3D7FE9F6B1}.Release|x64.ActiveCfg = Release|Any CPU
		{2E3CEB4D-82F3-4E3E-B9EC-5A3D7FE9F6B1}.Release|x64.Build.0 = Release|Any CPU
		{2E3CEB4D-82F3-4E3E-B9EC-5A3D7FE9F6B1}.Release|x86.ActiveCfg = Release|Any CPU
		{2E3CEB4D-82F3-4E3E-B9EC-5A3D7FE9F6B1}.Release|x86.Build.0 = Release|Any CPU
		{B1AD080B-9D1A-484E-890A-483AB250F57B}.Debug|Any CPU.ActiveCfg = Debug|Any CPU
		{B1AD080B-9D1A-484E-890A-483AB250F57B}.Debug|Any CPU.Build.0 = Debug|Any CPU
		{B1AD080B-9D1A-484E-890A-483AB250F57B}.Debug|x64.ActiveCfg = Debug|Any CPU
		{B1AD080B-9D1A-484E-890A-483AB250F57B}.Debug|x64.Build.0 = Debug|Any CPU
		{B1AD080B-9D1A-484E-890A-483AB250F57B}.Debug|x86.ActiveCfg = Debug|Any CPU
		{B1AD080B-9D1A-484E-890A-483AB250F57B}.Debug|x86.Build.0 = Debug|Any CPU
		{B1AD080B-9D1A-484E-890A-483AB250F57B}.Release|Any CPU.ActiveCfg = Release|Any CPU
		{B1AD080B-9D1A-484E-890A-483AB250F57B}.Release|Any CPU.Build.0 = Release|Any CPU
		{B1AD080B-9D1A-484E-890A-483AB250F57B}.Release|x64.ActiveCfg = Release|Any CPU
		{B1AD080B-9D1A-484E-890A-483AB250F57B}.Release|x64.Build.0 = Release|Any CPU
		{B1AD080B-9D1A-484E-890A-483AB250F57B}.Release|x86.ActiveCfg = Release|Any CPU
		{B1AD080B-9D1A-484E-890A-483AB250F57B}.Release|x86.Build.0 = Release|Any CPU
		{5ED87161-4D2C-4287-AE75-BDF37DCF3CBC}.Debug|Any CPU.ActiveCfg = Debug|Any CPU
		{5ED87161-4D2C-4287-AE75-BDF37DCF3CBC}.Debug|Any CPU.Build.0 = Debug|Any CPU
		{5ED87161-4D2C-4287-AE75-BDF37DCF3CBC}.Debug|x64.ActiveCfg = Debug|Any CPU
		{5ED87161-4D2C-4287-AE75-BDF37DCF3CBC}.Debug|x64.Build.0 = Debug|Any CPU
		{5ED87161-4D2C-4287-AE75-BDF37DCF3CBC}.Debug|x86.ActiveCfg = Debug|Any CPU
		{5ED87161-4D2C-4287-AE75-BDF37DCF3CBC}.Debug|x86.Build.0 = Debug|Any CPU
		{5ED87161-4D2C-4287-AE75-BDF37DCF3CBC}.Release|Any CPU.ActiveCfg = Release|Any CPU
		{5ED87161-4D2C-4287-AE75-BDF37DCF3CBC}.Release|Any CPU.Build.0 = Release|Any CPU
		{5ED87161-4D2C-4287-AE75-BDF37DCF3CBC}.Release|x64.ActiveCfg = Release|Any CPU
		{5ED87161-4D2C-4287-AE75-BDF37DCF3CBC}.Release|x64.Build.0 = Release|Any CPU
		{5ED87161-4D2C-4287-AE75-BDF37DCF3CBC}.Release|x86.ActiveCfg = Release|Any CPU
		{5ED87161-4D2C-4287-AE75-BDF37DCF3CBC}.Release|x86.Build.0 = Release|Any CPU
	EndGlobalSection
	GlobalSection(SolutionProperties) = preSolution
		HideSolutionNode = FALSE
	EndGlobalSection
	GlobalSection(NestedProjects) = preSolution
		{46DCB72C-D547-4FD6-B2FA-1A8490B51D14} = {518A1820-F489-493D-AD4F-49994045D59C}
		{0D32DB38-9C07-46EA-A73D-9BB40A8D4650} = {518A1820-F489-493D-AD4F-49994045D59C}
		{A7AE3F83-6487-4371-A206-AEB1130F0E07} = {518A1820-F489-493D-AD4F-49994045D59C}
		{7B1E2807-BEA2-4C8B-B4B8-C1712919E694} = {E344B352-80BA-44C8-9C03-55DF761387A6}
		{63F9024C-17D0-41CE-9CDD-980C81E361E4} = {E344B352-80BA-44C8-9C03-55DF761387A6}
		{FB9C38BD-F228-4C8F-8B30-1481771C6EAF} = {E344B352-80BA-44C8-9C03-55DF761387A6}
		{D1DAAED9-6D33-45BC-9900-C78C05F73CD5} = {E344B352-80BA-44C8-9C03-55DF761387A6}
		{7A20F8C5-852E-4BF0-801B-280109291A53} = {E344B352-80BA-44C8-9C03-55DF761387A6}
		{1CF6DC01-50B2-43DC-9DCB-9F856ED26F20} = {6F3CF121-02CE-4869-B4D1-916AE32520D9}
		{635E07A0-6FBD-4611-88F2-995071C6A477} = {6F3CF121-02CE-4869-B4D1-916AE32520D9}
		{B5E1B66B-DB80-41C5-9BA9-A4EFEC63C394} = {FA7D887B-4446-4DDA-9B23-589299C71ADF}
		{5ED87161-4D2C-4287-AE75-BDF37DCF3CBC} = {FA7D887B-4446-4DDA-9B23-589299C71ADF}
	EndGlobalSection
	GlobalSection(ExtensibilityGlobals) = postSolution
		SolutionGuid = {C8D538AE-B092-480E-A7F8-08F51B4D6C4C}
	EndGlobalSection
EndGlobal
